
Microsoft Visual Studio Solution File, Format Version 12.00
# Visual Studio Version 17
VisualStudioVersion = 17.9.34622.214
MinimumVisualStudioVersion = 10.0.40219.1
Project("{FAE04EC0-301F-11D3-BF4B-00C04F79EFBC}") = "GUI", "GUI\GUI.csproj", "{8AEA2F02-0004-44F8-8D35-AC3218E775D4}"
EndProject
Project("{FAE04EC0-301F-11D3-BF4B-00C04F79EFBC}") = "BLL", "BLL\BLL.csproj", "{A40937CF-67D5-4457-ADBF-561130632BE7}"
EndProject
Project("{FAE04EC0-301F-11D3-BF4B-00C04F79EFBC}") = "DAL", "DAL\DAL.csproj", "{B826E666-188A-4583-98E1-A907FC5691C7}"
EndProject
Project("{FAE04EC0-301F-11D3-BF4B-00C04F79EFBC}") = "DTO", "DTO\DTO.csproj", "{3BCA47B8-BAE2-4C59-9D89-5758F0CA9215}"
EndProject
Global
	GlobalSection(SolutionConfigurationPlatforms) = preSolution
		Debug|Any CPU = Debug|Any CPU
		Release|Any CPU = Release|Any CPU
	EndGlobalSection
	GlobalSection(ProjectConfigurationPlatforms) = postSolution
		{8AEA2F02-0004-44F8-8D35-AC3218E775D4}.Debug|Any CPU.ActiveCfg = Debug|Any CPU
		{8AEA2F02-0004-44F8-8D35-AC3218E775D4}.Debug|Any CPU.Build.0 = Debug|Any CPU
		{8AEA2F02-0004-44F8-8D35-AC3218E775D4}.Release|Any CPU.ActiveCfg = Release|Any CPU
		{8AEA2F02-0004-44F8-8D35-AC3218E775D4}.Release|Any CPU.Build.0 = Release|Any CPU
		{A40937CF-67D5-4457-ADBF-561130632BE7}.Debug|Any CPU.ActiveCfg = Debug|Any CPU
		{A40937CF-67D5-4457-ADBF-561130632BE7}.Debug|Any CPU.Build.0 = Debug|Any CPU
		{A40937CF-67D5-4457-ADBF-561130632BE7}.Release|Any CPU.ActiveCfg = Release|Any CPU
		{A40937CF-67D5-4457-ADBF-561130632BE7}.Release|Any CPU.Build.0 = Release|Any CPU
		{B826E666-188A-4583-98E1-A907FC5691C7}.Debug|Any CPU.ActiveCfg = Debug|Any CPU
		{B826E666-188A-4583-98E1-A907FC5691C7}.Debug|Any CPU.Build.0 = Debug|Any CPU
		{B826E666-188A-4583-98E1-A907FC5691C7}.Release|Any CPU.ActiveCfg = Release|Any CPU
		{B826E666-188A-4583-98E1-A907FC5691C7}.Release|Any CPU.Build.0 = Release|Any CPU
		{3BCA47B8-BAE2-4C59-9D89-5758F0CA9215}.Debug|Any CPU.ActiveCfg = Debug|Any CPU
		{3BCA47B8-BAE2-4C59-9D89-5758F0CA9215}.Debug|Any CPU.Build.0 = Debug|Any CPU
		{3BCA47B8-BAE2-4C59-9D89-5758F0CA9215}.Release|Any CPU.ActiveCfg = Release|Any CPU
		{3BCA47B8-BAE2-4C59-9D89-5758F0CA9215}.Release|Any CPU.Build.0 = Release|Any CPU
	EndGlobalSection
	GlobalSection(SolutionProperties) = preSolution
		HideSolutionNode = FALSE
	EndGlobalSection
	GlobalSection(ExtensibilityGlobals) = postSolution
		SolutionGuid = {2878088D-88D0-4F69-BD8B-75985A9D2FC6}
	EndGlobalSection
EndGlobal
